
Microsoft Visual Studio Solution File, Format Version 12.00
# Visual Studio Version 16
VisualStudioVersion = 16.0.29613.14
MinimumVisualStudioVersion = 10.0.40219.1
Project("{FAE04EC0-301F-11D3-BF4B-00C04F79EFBC}") = "WebApp1", "WebApp1\WebApp1.csproj", "{6FAC315C-C2DA-4771-B308-B139E5A6F7BE}"
EndProject
Global
	GlobalSection(SolutionConfigurationPlatforms) = preSolution
		Debug|Any CPU = Debug|Any CPU
		Release|Any CPU = Release|Any CPU
	EndGlobalSection
	GlobalSection(ProjectConfigurationPlatforms) = postSolution
		{6FAC315C-C2DA-4771-B308-B139E5A6F7BE}.Debug|Any CPU.ActiveCfg = Debug|Any CPU
		{6FAC315C-C2DA-4771-B308-B139E5A6F7BE}.Debug|Any CPU.Build.0 = Debug|Any CPU
		{6FAC315C-C2DA-4771-B308-B139E5A6F7BE}.Release|Any CPU.ActiveCfg = Release|Any CPU
		{6FAC315C-C2DA-4771-B308-B139E5A6F7BE}.Release|Any CPU.Build.0 = Release|Any CPU
	EndGlobalSection
	GlobalSection(SolutionProperties) = preSolution
		HideSolutionNode = FALSE
	EndGlobalSection
	GlobalSection(ExtensibilityGlobals) = postSolution
		SolutionGuid = {BDA386C8-CEE7-44A1-9DAA-23982AAE5EA0}
	EndGlobalSection
EndGlobal
